
Microsoft Visual Studio Solution File, Format Version 12.00
# Visual Studio 15
VisualStudioVersion = 15.0.27004.2006
MinimumVisualStudioVersion = 10.0.40219.1
Project("{8BC9CEB8-8B4A-11D0-8D11-00A0C91BC942}") = "BoxDemo", "BoxDemo\BoxDemo.vcxproj", "{D6379056-0F22-4C70-8AF7-FA0F66BB37B4}"
EndProject
Project("{8BC9CEB8-8B4A-11D0-8D11-00A0C91BC942}") = "HillsDemo", "HillsDemo\HillsDemo.vcxproj", "{CE51EB8D-7C72-45B2-A69A-7C9495AD4320}"
EndProject
Project("{8BC9CEB8-8B4A-11D0-8D11-00A0C91BC942}") = "ShapesDemo", "ShapesDemo\ShapesDemo.vcxproj", "{934B7B64-C28A-42E4-A048-D2DEF0CB6844}"
EndProject
Project("{8BC9CEB8-8B4A-11D0-8D11-00A0C91BC942}") = "SkullDemo", "SkullDemo\SkullDemo.vcxproj", "{D83D26D1-8295-4170-953A-DE8CE2B144FA}"
EndProject
Project("{8BC9CEB8-8B4A-11D0-8D11-00A0C91BC942}") = "WavesDemo", "WavesDemo\WavesDemo.vcxproj", "{0806F967-975C-4392-916B-7BEFD603135D}"
EndProject
Project("{8BC9CEB8-8B4A-11D0-8D11-00A0C91BC942}") = "Lighing", "Lighing\Lighing.vcxproj", "{8782E5E8-137C-4880-BEBA-0B72D7709907}"
EndProject
Project("{8BC9CEB8-8B4A-11D0-8D11-00A0C91BC942}") = "CrateDemo", "CrateDemo\CrateDemo.vcxproj", "{E4DB1280-0458-4CFD-8A54-582AB054807B}"
EndProject
Project("{8BC9CEB8-8B4A-11D0-8D11-00A0C91BC942}") = "TextureHillsAndWaves", "TextureHillsAndWaves\TextureHillsAndWaves.vcxproj", "{E5A5FF76-A680-4507-BD5C-B50D87D37E73}"
EndProject
Project("{8BC9CEB8-8B4A-11D0-8D11-00A0C91BC942}") = "BlendDemo", "BlendDemo\BlendDemo.vcxproj", "{98F9FE96-EE05-4C4C-A858-9806204864EB}"
EndProject
Project("{8BC9CEB8-8B4A-11D0-8D11-00A0C91BC942}") = "MirrorDemo", "MirrorDemo\MirrorDemo.vcxproj", "{7DB2E7FB-97C1-41B4-9DD9-1D825325EC5D}"
EndProject
Project("{8BC9CEB8-8B4A-11D0-8D11-00A0C91BC942}") = "TreeBillboard", "TreeBillboard\TreeBillboard.vcxproj", "{4185B0F1-A129-449E-9C8C-4519F499F8E5}"
EndProject
Project("{8BC9CEB8-8B4A-11D0-8D11-00A0C91BC942}") = "BlurDemo", "BlurDemo\BlurDemo.vcxproj", "{F878965F-5FA5-4A34-8D70-72100BAE420D}"
EndProject
Project("{8BC9CEB8-8B4A-11D0-8D11-00A0C91BC942}") = "BasicTessellation", "BasicTessellation\BasicTessellation.vcxproj", "{AA2D9059-7409-44F5-9397-549BB81309A9}"
EndProject
Project("{8BC9CEB8-8B4A-11D0-8D11-00A0C91BC942}") = "BezierPatch", "BezierPatch\BezierPatch.vcxproj", "{0EDEFA3A-0F3E-4BCF-AC6D-907C50B50FCE}"
EndProject
Project("{8BC9CEB8-8B4A-11D0-8D11-00A0C91BC942}") = "Camera", "Camera\Camera.vcxproj", "{708E1D38-52C6-4AB3-9413-E2EDF2171C54}"
EndProject
Project("{8BC9CEB8-8B4A-11D0-8D11-00A0C91BC942}") = "InstancingAndCulling", "InstancingAndCulling\InstancingAndCulling.vcxproj", "{4B3DBD3C-06F0-4143-B5F6-FD344665BE5B}"
EndProject
Project("{8BC9CEB8-8B4A-11D0-8D11-00A0C91BC942}") = "Picking", "Picking\Picking.vcxproj", "{22F8CB2A-A609-4689-A24D-FA643E63109D}"
EndProject
Global
	GlobalSection(SolutionConfigurationPlatforms) = preSolution
		Debug|x64 = Debug|x64
		Debug|x86 = Debug|x86
		Release|x64 = Release|x64
		Release|x86 = Release|x86
	EndGlobalSection
	GlobalSection(ProjectConfigurationPlatforms) = postSolution
		{D6379056-0F22-4C70-8AF7-FA0F66BB37B4}.Debug|x64.ActiveCfg = Debug|x64
		{D6379056-0F22-4C70-8AF7-FA0F66BB37B4}.Debug|x64.Build.0 = Debug|x64
		{D6379056-0F22-4C70-8AF7-FA0F66BB37B4}.Debug|x86.ActiveCfg = Debug|Win32
		{D6379056-0F22-4C70-8AF7-FA0F66BB37B4}.Debug|x86.Build.0 = Debug|Win32
		{D6379056-0F22-4C70-8AF7-FA0F66BB37B4}.Release|x64.ActiveCfg = Release|x64
		{D6379056-0F22-4C70-8AF7-FA0F66BB37B4}.Release|x64.Build.0 = Release|x64
		{D6379056-0F22-4C70-8AF7-FA0F66BB37B4}.Release|x86.ActiveCfg = Release|Win32
		{D6379056-0F22-4C70-8AF7-FA0F66BB37B4}.Release|x86.Build.0 = Release|Win32
		{CE51EB8D-7C72-45B2-A69A-7C9495AD4320}.Debug|x64.ActiveCfg = Debug|x64
		{CE51EB8D-7C72-45B2-A69A-7C9495AD4320}.Debug|x64.Build.0 = Debug|x64
		{CE51EB8D-7C72-45B2-A69A-7C9495AD4320}.Debug|x86.ActiveCfg = Debug|Win32
		{CE51EB8D-7C72-45B2-A69A-7C9495AD4320}.Debug|x86.Build.0 = Debug|Win32
		{CE51EB8D-7C72-45B2-A69A-7C9495AD4320}.Release|x64.ActiveCfg = Release|x64
		{CE51EB8D-7C72-45B2-A69A-7C9495AD4320}.Release|x64.Build.0 = Release|x64
		{CE51EB8D-7C72-45B2-A69A-7C9495AD4320}.Release|x86.ActiveCfg = Release|Win32
		{CE51EB8D-7C72-45B2-A69A-7C9495AD4320}.Release|x86.Build.0 = Release|Win32
		{934B7B64-C28A-42E4-A048-D2DEF0CB6844}.Debug|x64.ActiveCfg = Debug|x64
		{934B7B64-C28A-42E4-A048-D2DEF0CB6844}.Debug|x64.Build.0 = Debug|x64
		{934B7B64-C28A-42E4-A048-D2DEF0CB6844}.Debug|x86.ActiveCfg = Debug|Win32
		{934B7B64-C28A-42E4-A048-D2DEF0CB6844}.Debug|x86.Build.0 = Debug|Win32
		{934B7B64-C28A-42E4-A048-D2DEF0CB6844}.Release|x64.ActiveCfg = Release|x64
		{934B7B64-C28A-42E4-A048-D2DEF0CB6844}.Release|x64.Build.0 = Release|x64
		{934B7B64-C28A-42E4-A048-D2DEF0CB6844}.Release|x86.ActiveCfg = Release|Win32
		{934B7B64-C28A-42E4-A048-D2DEF0CB6844}.Release|x86.Build.0 = Release|Win32
		{D83D26D1-8295-4170-953A-DE8CE2B144FA}.Debug|x64.ActiveCfg = Debug|x64
		{D83D26D1-8295-4170-953A-DE8CE2B144FA}.Debug|x64.Build.0 = Debug|x64
		{D83D26D1-8295-4170-953A-DE8CE2B144FA}.Debug|x86.ActiveCfg = Debug|Win32
		{D83D26D1-8295-4170-953A-DE8CE2B144FA}.Debug|x86.Build.0 = Debug|Win32
		{D83D26D1-8295-4170-953A-DE8CE2B144FA}.Release|x64.ActiveCfg = Release|x64
		{D83D26D1-8295-4170-953A-DE8CE2B144FA}.Release|x64.Build.0 = Release|x64
		{D83D26D1-8295-4170-953A-DE8CE2B144FA}.Release|x86.ActiveCfg = Release|Win32
		{D83D26D1-8295-4170-953A-DE8CE2B144FA}.Release|x86.Build.0 = Release|Win32
		{0806F967-975C-4392-916B-7BEFD603135D}.Debug|x64.ActiveCfg = Debug|x64
		{0806F967-975C-4392-916B-7BEFD603135D}.Debug|x64.Build.0 = Debug|x64
		{0806F967-975C-4392-916B-7BEFD603135D}.Debug|x86.ActiveCfg = Debug|Win32
		{0806F967-975C-4392-916B-7BEFD603135D}.Debug|x86.Build.0 = Debug|Win32
		{0806F967-975C-4392-916B-7BEFD603135D}.Release|x64.ActiveCfg = Release|x64
		{0806F967-975C-4392-916B-7BEFD603135D}.Release|x64.Build.0 = Release|x64
		{0806F967-975C-4392-916B-7BEFD603135D}.Release|x86.ActiveCfg = Release|Win32
		{0806F967-975C-4392-916B-7BEFD603135D}.Release|x86.Build.0 = Release|Win32
		{8782E5E8-137C-4880-BEBA-0B72D7709907}.Debug|x64.ActiveCfg = Debug|x64
		{8782E5E8-137C-4880-BEBA-0B72D7709907}.Debug|x64.Build.0 = Debug|x64
		{8782E5E8-137C-4880-BEBA-0B72D7709907}.Debug|x86.ActiveCfg = Debug|Win32
		{8782E5E8-137C-4880-BEBA-0B72D7709907}.Debug|x86.Build.0 = Debug|Win32
		{8782E5E8-137C-4880-BEBA-0B72D7709907}.Release|x64.ActiveCfg = Release|x64
		{8782E5E8-137C-4880-BEBA-0B72D7709907}.Release|x64.Build.0 = Release|x64
		{8782E5E8-137C-4880-BEBA-0B72D7709907}.Release|x86.ActiveCfg = Release|Win32
		{8782E5E8-137C-4880-BEBA-0B72D7709907}.Release|x86.Build.0 = Release|Win32
		{E4DB1280-0458-4CFD-8A54-582AB054807B}.Debug|x64.ActiveCfg = Debug|x64
		{E4DB1280-0458-4CFD-8A54-582AB054807B}.Debug|x64.Build.0 = Debug|x64
		{E4DB1280-0458-4CFD-8A54-582AB054807B}.Debug|x86.ActiveCfg = Debug|Win32
		{E4DB1280-0458-4CFD-8A54-582AB054807B}.Debug|x86.Build.0 = Debug|Win32
		{E4DB1280-0458-4CFD-8A54-582AB054807B}.Release|x64.ActiveCfg = Release|x64
		{E4DB1280-0458-4CFD-8A54-582AB054807B}.Release|x64.Build.0 = Release|x64
		{E4DB1280-0458-4CFD-8A54-582AB054807B}.Release|x86.ActiveCfg = Release|Win32
		{E4DB1280-0458-4CFD-8A54-582AB054807B}.Release|x86.Build.0 = Release|Win32
		{E5A5FF76-A680-4507-BD5C-B50D87D37E73}.Debug|x64.ActiveCfg = Debug|x64
		{E5A5FF76-A680-4507-BD5C-B50D87D37E73}.Debug|x64.Build.0 = Debug|x64
		{E5A5FF76-A680-4507-BD5C-B50D87D37E73}.Debug|x86.ActiveCfg = Debug|Win32
		{E5A5FF76-A680-4507-BD5C-B50D87D37E73}.Debug|x86.Build.0 = Debug|Win32
		{E5A5FF76-A680-4507-BD5C-B50D87D37E73}.Release|x64.ActiveCfg = Release|x64
		{E5A5FF76-A680-4507-BD5C-B50D87D37E73}.Release|x64.Build.0 = Release|x64
		{E5A5FF76-A680-4507-BD5C-B50D87D37E73}.Release|x86.ActiveCfg = Release|Win32
		{E5A5FF76-A680-4507-BD5C-B50D87D37E73}.Release|x86.Build.0 = Release|Win32
		{98F9FE96-EE05-4C4C-A858-9806204864EB}.Debug|x64.ActiveCfg = Debug|x64
		{98F9FE96-EE05-4C4C-A858-9806204864EB}.Debug|x64.Build.0 = Debug|x64
		{98F9FE96-EE05-4C4C-A858-9806204864EB}.Debug|x86.ActiveCfg = Debug|Win32
		{98F9FE96-EE05-4C4C-A858-9806204864EB}.Debug|x86.Build.0 = Debug|Win32
		{98F9FE96-EE05-4C4C-A858-9806204864EB}.Release|x64.ActiveCfg = Release|x64
		{98F9FE96-EE05-4C4C-A858-9806204864EB}.Release|x64.Build.0 = Release|x64
		{98F9FE96-EE05-4C4C-A858-9806204864EB}.Release|x86.ActiveCfg = Release|Win32
		{98F9FE96-EE05-4C4C-A858-9806204864EB}.Release|x86.Build.0 = Release|Win32
		{7DB2E7FB-97C1-41B4-9DD9-1D825325EC5D}.Debug|x64.ActiveCfg = Debug|x64
		{7DB2E7FB-97C1-41B4-9DD9-1D825325EC5D}.Debug|x64.Build.0 = Debug|x64
		{7DB2E7FB-97C1-41B4-9DD9-1D825325EC5D}.Debug|x86.ActiveCfg = Debug|Win32
		{7DB2E7FB-97C1-41B4-9DD9-1D825325EC5D}.Debug|x86.Build.0 = Debug|Win32
		{7DB2E7FB-97C1-41B4-9DD9-1D825325EC5D}.Release|x64.ActiveCfg = Release|x64
		{7DB2E7FB-97C1-41B4-9DD9-1D825325EC5D}.Release|x64.Build.0 = Release|x64
		{7DB2E7FB-97C1-41B4-9DD9-1D825325EC5D}.Release|x86.ActiveCfg = Release|Win32
		{7DB2E7FB-97C1-41B4-9DD9-1D825325EC5D}.Release|x86.Build.0 = Release|Win32
		{4185B0F1-A129-449E-9C8C-4519F499F8E5}.Debug|x64.ActiveCfg = Debug|x64
		{4185B0F1-A129-449E-9C8C-4519F499F8E5}.Debug|x64.Build.0 = Debug|x64
		{4185B0F1-A129-449E-9C8C-4519F499F8E5}.Debug|x86.ActiveCfg = Debug|Win32
		{4185B0F1-A129-449E-9C8C-4519F499F8E5}.Debug|x86.Build.0 = Debug|Win32
		{4185B0F1-A129-449E-9C8C-4519F499F8E5}.Release|x64.ActiveCfg = Release|x64
		{4185B0F1-A129-449E-9C8C-4519F499F8E5}.Release|x64.Build.0 = Release|x64
		{4185B0F1-A129-449E-9C8C-4519F499F8E5}.Release|x86.ActiveCfg = Release|Win32
		{4185B0F1-A129-449E-9C8C-4519F499F8E5}.Release|x86.Build.0 = Release|Win32
		{F878965F-5FA5-4A34-8D70-72100BAE420D}.Debug|x64.ActiveCfg = Debug|x64
		{F878965F-5FA5-4A34-8D70-72100BAE420D}.Debug|x64.Build.0 = Debug|x64
		{F878965F-5FA5-4A34-8D70-72100BAE420D}.Debug|x86.ActiveCfg = Debug|Win32
		{F878965F-5FA5-4A34-8D70-72100BAE420D}.Debug|x86.Build.0 = Debug|Win32
		{F878965F-5FA5-4A34-8D70-72100BAE420D}.Release|x64.ActiveCfg = Release|x64
		{F878965F-5FA5-4A34-8D70-72100BAE420D}.Release|x64.Build.0 = Release|x64
		{F878965F-5FA5-4A34-8D70-72100BAE420D}.Release|x86.ActiveCfg = Release|Win32
		{F878965F-5FA5-4A34-8D70-72100BAE420D}.Release|x86.Build.0 = Release|Win32
		{AA2D9059-7409-44F5-9397-549BB81309A9}.Debug|x64.ActiveCfg = Debug|x64
		{AA2D9059-7409-44F5-9397-549BB81309A9}.Debug|x64.Build.0 = Debug|x64
		{AA2D9059-7409-44F5-9397-549BB81309A9}.Debug|x86.ActiveCfg = Debug|Win32
		{AA2D9059-7409-44F5-9397-549BB81309A9}.Debug|x86.Build.0 = Debug|Win32
		{AA2D9059-7409-44F5-9397-549BB81309A9}.Release|x64.ActiveCfg = Release|x64
		{AA2D9059-7409-44F5-9397-549BB81309A9}.Release|x64.Build.0 = Release|x64
		{AA2D9059-7409-44F5-9397-549BB81309A9}.Release|x86.ActiveCfg = Release|Win32
		{AA2D9059-7409-44F5-9397-549BB81309A9}.Release|x86.Build.0 = Release|Win32
		{0EDEFA3A-0F3E-4BCF-AC6D-907C50B50FCE}.Debug|x64.ActiveCfg = Debug|x64
		{0EDEFA3A-0F3E-4BCF-AC6D-907C50B50FCE}.Debug|x64.Build.0 = Debug|x64
		{0EDEFA3A-0F3E-4BCF-AC6D-907C50B50FCE}.Debug|x86.ActiveCfg = Debug|Win32
		{0EDEFA3A-0F3E-4BCF-AC6D-907C50B50FCE}.Debug|x86.Build.0 = Debug|Win32
		{0EDEFA3A-0F3E-4BCF-AC6D-907C50B50FCE}.Release|x64.ActiveCfg = Release|x64
		{0EDEFA3A-0F3E-4BCF-AC6D-907C50B50FCE}.Release|x64.Build.0 = Release|x64
		{0EDEFA3A-0F3E-4BCF-AC6D-907C50B50FCE}.Release|x86.ActiveCfg = Release|Win32
		{0EDEFA3A-0F3E-4BCF-AC6D-907C50B50FCE}.Release|x86.Build.0 = Release|Win32
		{708E1D38-52C6-4AB3-9413-E2EDF2171C54}.Debug|x64.ActiveCfg = Debug|x64
		{708E1D38-52C6-4AB3-9413-E2EDF2171C54}.Debug|x64.Build.0 = Debug|x64
		{708E1D38-52C6-4AB3-9413-E2EDF2171C54}.Debug|x86.ActiveCfg = Debug|Win32
		{708E1D38-52C6-4AB3-9413-E2EDF2171C54}.Debug|x86.Build.0 = Debug|Win32
		{708E1D38-52C6-4AB3-9413-E2EDF2171C54}.Release|x64.ActiveCfg = Release|x64
		{708E1D38-52C6-4AB3-9413-E2EDF2171C54}.Release|x64.Build.0 = Release|x64
		{708E1D38-52C6-4AB3-9413-E2EDF2171C54}.Release|x86.ActiveCfg = Release|Win32
		{708E1D38-52C6-4AB3-9413-E2EDF2171C54}.Release|x86.Build.0 = Release|Win32
		{4B3DBD3C-06F0-4143-B5F6-FD344665BE5B}.Debug|x64.ActiveCfg = Debug|x64
		{4B3DBD3C-06F0-4143-B5F6-FD344665BE5B}.Debug|x64.Build.0 = Debug|x64
		{4B3DBD3C-06F0-4143-B5F6-FD344665BE5B}.Debug|x86.ActiveCfg = Debug|Win32
		{4B3DBD3C-06F0-4143-B5F6-FD344665BE5B}.Debug|x86.Build.0 = Debug|Win32
		{4B3DBD3C-06F0-4143-B5F6-FD344665BE5B}.Release|x64.ActiveCfg = Release|x64
		{4B3DBD3C-06F0-4143-B5F6-FD344665BE5B}.Release|x64.Build.0 = Release|x64
		{4B3DBD3C-06F0-4143-B5F6-FD344665BE5B}.Release|x86.ActiveCfg = Release|Win32
		{4B3DBD3C-06F0-4143-B5F6-FD344665BE5B}.Release|x86.Build.0 = Release|Win32
		{22F8CB2A-A609-4689-A24D-FA643E63109D}.Debug|x64.ActiveCfg = Debug|x64
		{22F8CB2A-A609-4689-A24D-FA643E63109D}.Debug|x64.Build.0 = Debug|x64
		{22F8CB2A-A609-4689-A24D-FA643E63109D}.Debug|x86.ActiveCfg = Debug|Win32
		{22F8CB2A-A609-4689-A24D-FA643E63109D}.Debug|x86.Build.0 = Debug|Win32
		{22F8CB2A-A609-4689-A24D-FA643E63109D}.Release|x64.ActiveCfg = Release|x64
		{22F8CB2A-A609-4689-A24D-FA643E63109D}.Release|x64.Build.0 = Release|x64
		{22F8CB2A-A609-4689-A24D-FA643E63109D}.Release|x86.ActiveCfg = Release|Win32
		{22F8CB2A-A609-4689-A24D-FA643E63109D}.Release|x86.Build.0 = Release|Win32
	EndGlobalSection
	GlobalSection(SolutionProperties) = preSolution
		HideSolutionNode = FALSE
	EndGlobalSection
	GlobalSection(ExtensibilityGlobals) = postSolution
		SolutionGuid = {D3E05426-CCBB-4B49-9DD0-D011BDCB989F}
	EndGlobalSection
EndGlobal
