
Microsoft Visual Studio Solution File, Format Version 12.00
# Visual Studio 15
VisualStudioVersion = 15.0.27004.2006
MinimumVisualStudioVersion = 10.0.40219.1
Project("{8BC9CEB8-8B4A-11D0-8D11-00A0C91BC942}") = "BoxDemo", "BoxDemo\BoxDemo.vcxproj", "{D6379056-0F22-4C70-8AF7-FA0F66BB37B4}"
EndProject
Project("{8BC9CEB8-8B4A-11D0-8D11-00A0C91BC942}") = "HillsDemo", "HillsDemo\HillsDemo.vcxproj", "{CE51EB8D-7C72-45B2-A69A-7C9495AD4320}"
EndProject
Project("{8BC9CEB8-8B4A-11D0-8D11-00A0C91BC942}") = "ShapesDemo", "ShapesDemo\ShapesDemo.vcxproj", "{934B7B64-C28A-42E4-A048-D2DEF0CB6844}"
EndProject
Project("{8BC9CEB8-8B4A-11D0-8D11-00A0C91BC942}") = "SkullDemo", "SkullDemo\SkullDemo.vcxproj", "{D83D26D1-8295-4170-953A-DE8CE2B144FA}"
EndProject
Project("{8BC9CEB8-8B4A-11D0-8D11-00A0C91BC942}") = "WavesDemo", "WavesDemo\WavesDemo.vcxproj", "{0806F967-975C-4392-916B-7BEFD603135D}"
EndProject
Project("{8BC9CEB8-8B4A-11D0-8D11-00A0C91BC942}") = "Lighing", "Lighing\Lighing.vcxproj", "{8782E5E8-137C-4880-BEBA-0B72D7709907}"
EndProject
Project("{8BC9CEB8-8B4A-11D0-8D11-00A0C91BC942}") = "CrateDemo", "CrateDemo\CrateDemo.vcxproj", "{E4DB1280-0458-4CFD-8A54-582AB054807B}"
EndProject
Project("{8BC9CEB8-8B4A-11D0-8D11-00A0C91BC942}") = "TextureHillsAndWaves", "TextureHillsAndWaves\TextureHillsAndWaves.vcxproj", "{E5A5FF76-A680-4507-BD5C-B50D87D37E73}"
EndProject
Global
	GlobalSection(SolutionConfigurationPlatforms) = preSolution
		Debug|x64 = Debug|x64
		Debug|x86 = Debug|x86
		Release|x64 = Release|x64
		Release|x86 = Release|x86
	EndGlobalSection
	GlobalSection(ProjectConfigurationPlatforms) = postSolution
		{D6379056-0F22-4C70-8AF7-FA0F66BB37B4}.Debug|x64.ActiveCfg = Debug|x64
		{D6379056-0F22-4C70-8AF7-FA0F66BB37B4}.Debug|x64.Build.0 = Debug|x64
		{D6379056-0F22-4C70-8AF7-FA0F66BB37B4}.Debug|x86.ActiveCfg = Debug|Win32
		{D6379056-0F22-4C70-8AF7-FA0F66BB37B4}.Debug|x86.Build.0 = Debug|Win32
		{D6379056-0F22-4C70-8AF7-FA0F66BB37B4}.Release|x64.ActiveCfg = Release|x64
		{D6379056-0F22-4C70-8AF7-FA0F66BB37B4}.Release|x64.Build.0 = Release|x64
		{D6379056-0F22-4C70-8AF7-FA0F66BB37B4}.Release|x86.ActiveCfg = Release|Win32
		{D6379056-0F22-4C70-8AF7-FA0F66BB37B4}.Release|x86.Build.0 = Release|Win32
		{CE51EB8D-7C72-45B2-A69A-7C9495AD4320}.Debug|x64.ActiveCfg = Debug|x64
		{CE51EB8D-7C72-45B2-A69A-7C9495AD4320}.Debug|x64.Build.0 = Debug|x64
		{CE51EB8D-7C72-45B2-A69A-7C9495AD4320}.Debug|x86.ActiveCfg = Debug|Win32
		{CE51EB8D-7C72-45B2-A69A-7C9495AD4320}.Debug|x86.Build.0 = Debug|Win32
		{CE51EB8D-7C72-45B2-A69A-7C9495AD4320}.Release|x64.ActiveCfg = Release|x64
		{CE51EB8D-7C72-45B2-A69A-7C9495AD4320}.Release|x64.Build.0 = Release|x64
		{CE51EB8D-7C72-45B2-A69A-7C9495AD4320}.Release|x86.ActiveCfg = Release|Win32
		{CE51EB8D-7C72-45B2-A69A-7C9495AD4320}.Release|x86.Build.0 = Release|Win32
		{934B7B64-C28A-42E4-A048-D2DEF0CB6844}.Debug|x64.ActiveCfg = Debug|x64
		{934B7B64-C28A-42E4-A048-D2DEF0CB6844}.Debug|x64.Build.0 = Debug|x64
		{934B7B64-C28A-42E4-A048-D2DEF0CB6844}.Debug|x86.ActiveCfg = Debug|Win32
		{934B7B64-C28A-42E4-A048-D2DEF0CB6844}.Debug|x86.Build.0 = Debug|Win32
		{934B7B64-C28A-42E4-A048-D2DEF0CB6844}.Release|x64.ActiveCfg = Release|x64
		{934B7B64-C28A-42E4-A048-D2DEF0CB6844}.Release|x64.Build.0 = Release|x64
		{934B7B64-C28A-42E4-A048-D2DEF0CB6844}.Release|x86.ActiveCfg = Release|Win32
		{934B7B64-C28A-42E4-A048-D2DEF0CB6844}.Release|x86.Build.0 = Release|Win32
		{D83D26D1-8295-4170-953A-DE8CE2B144FA}.Debug|x64.ActiveCfg = Debug|x64
		{D83D26D1-8295-4170-953A-DE8CE2B144FA}.Debug|x64.Build.0 = Debug|x64
		{D83D26D1-8295-4170-953A-DE8CE2B144FA}.Debug|x86.ActiveCfg = Debug|Win32
		{D83D26D1-8295-4170-953A-DE8CE2B144FA}.Debug|x86.Build.0 = Debug|Win32
		{D83D26D1-8295-4170-953A-DE8CE2B144FA}.Release|x64.ActiveCfg = Release|x64
		{D83D26D1-8295-4170-953A-DE8CE2B144FA}.Release|x64.Build.0 = Release|x64
		{D83D26D1-8295-4170-953A-DE8CE2B144FA}.Release|x86.ActiveCfg = Release|Win32
		{D83D26D1-8295-4170-953A-DE8CE2B144FA}.Release|x86.Build.0 = Release|Win32
		{0806F967-975C-4392-916B-7BEFD603135D}.Debug|x64.ActiveCfg = Debug|x64
		{0806F967-975C-4392-916B-7BEFD603135D}.Debug|x64.Build.0 = Debug|x64
		{0806F967-975C-4392-916B-7BEFD603135D}.Debug|x86.ActiveCfg = Debug|Win32
		{0806F967-975C-4392-916B-7BEFD603135D}.Debug|x86.Build.0 = Debug|Win32
		{0806F967-975C-4392-916B-7BEFD603135D}.Release|x64.ActiveCfg = Release|x64
		{0806F967-975C-4392-916B-7BEFD603135D}.Release|x64.Build.0 = Release|x64
		{0806F967-975C-4392-916B-7BEFD603135D}.Release|x86.ActiveCfg = Release|Win32
		{0806F967-975C-4392-916B-7BEFD603135D}.Release|x86.Build.0 = Release|Win32
		{8782E5E8-137C-4880-BEBA-0B72D7709907}.Debug|x64.ActiveCfg = Debug|x64
		{8782E5E8-137C-4880-BEBA-0B72D7709907}.Debug|x64.Build.0 = Debug|x64
		{8782E5E8-137C-4880-BEBA-0B72D7709907}.Debug|x86.ActiveCfg = Debug|Win32
		{8782E5E8-137C-4880-BEBA-0B72D7709907}.Debug|x86.Build.0 = Debug|Win32
		{8782E5E8-137C-4880-BEBA-0B72D7709907}.Release|x64.ActiveCfg = Release|x64
		{8782E5E8-137C-4880-BEBA-0B72D7709907}.Release|x64.Build.0 = Release|x64
		{8782E5E8-137C-4880-BEBA-0B72D7709907}.Release|x86.ActiveCfg = Release|Win32
		{8782E5E8-137C-4880-BEBA-0B72D7709907}.Release|x86.Build.0 = Release|Win32
		{E4DB1280-0458-4CFD-8A54-582AB054807B}.Debug|x64.ActiveCfg = Debug|x64
		{E4DB1280-0458-4CFD-8A54-582AB054807B}.Debug|x64.Build.0 = Debug|x64
		{E4DB1280-0458-4CFD-8A54-582AB054807B}.Debug|x86.ActiveCfg = Debug|Win32
		{E4DB1280-0458-4CFD-8A54-582AB054807B}.Debug|x86.Build.0 = Debug|Win32
		{E4DB1280-0458-4CFD-8A54-582AB054807B}.Release|x64.ActiveCfg = Release|x64
		{E4DB1280-0458-4CFD-8A54-582AB054807B}.Release|x64.Build.0 = Release|x64
		{E4DB1280-0458-4CFD-8A54-582AB054807B}.Release|x86.ActiveCfg = Release|Win32
		{E4DB1280-0458-4CFD-8A54-582AB054807B}.Release|x86.Build.0 = Release|Win32
		{E5A5FF76-A680-4507-BD5C-B50D87D37E73}.Debug|x64.ActiveCfg = Debug|x64
		{E5A5FF76-A680-4507-BD5C-B50D87D37E73}.Debug|x64.Build.0 = Debug|x64
		{E5A5FF76-A680-4507-BD5C-B50D87D37E73}.Debug|x86.ActiveCfg = Debug|Win32
		{E5A5FF76-A680-4507-BD5C-B50D87D37E73}.Debug|x86.Build.0 = Debug|Win32
		{E5A5FF76-A680-4507-BD5C-B50D87D37E73}.Release|x64.ActiveCfg = Release|x64
		{E5A5FF76-A680-4507-BD5C-B50D87D37E73}.Release|x64.Build.0 = Release|x64
		{E5A5FF76-A680-4507-BD5C-B50D87D37E73}.Release|x86.ActiveCfg = Release|Win32
		{E5A5FF76-A680-4507-BD5C-B50D87D37E73}.Release|x86.Build.0 = Release|Win32
	EndGlobalSection
	GlobalSection(SolutionProperties) = preSolution
		HideSolutionNode = FALSE
	EndGlobalSection
	GlobalSection(ExtensibilityGlobals) = postSolution
		SolutionGuid = {D3E05426-CCBB-4B49-9DD0-D011BDCB989F}
	EndGlobalSection
EndGlobal
